
Microsoft Visual Studio Solution File, Format Version 12.00
# Visual Studio Version 16
VisualStudioVersion = 16.0.31112.23
MinimumVisualStudioVersion = 10.0.40219.1
Project("{FAE04EC0-301F-11D3-BF4B-00C04F79EFBC}") = "Inheritance", "Inheritance\Inheritance.csproj", "{9631416E-54A0-4A91-B331-30BE15BF710E}"
EndProject
Global
	GlobalSection(SolutionConfigurationPlatforms) = preSolution
		Debug|Any CPU = Debug|Any CPU
		Release|Any CPU = Release|Any CPU
	EndGlobalSection
	GlobalSection(ProjectConfigurationPlatforms) = postSolution
		{9631416E-54A0-4A91-B331-30BE15BF710E}.Debug|Any CPU.ActiveCfg = Debug|Any CPU
		{9631416E-54A0-4A91-B331-30BE15BF710E}.Debug|Any CPU.Build.0 = Debug|Any CPU
		{9631416E-54A0-4A91-B331-30BE15BF710E}.Release|Any CPU.ActiveCfg = Release|Any CPU
		{9631416E-54A0-4A91-B331-30BE15BF710E}.Release|Any CPU.Build.0 = Release|Any CPU
	EndGlobalSection
	GlobalSection(SolutionProperties) = preSolution
		HideSolutionNode = FALSE
	EndGlobalSection
	GlobalSection(ExtensibilityGlobals) = postSolution
		SolutionGuid = {799E755A-9DCC-4375-AF44-311B120CABB2}
	EndGlobalSection
EndGlobal
