
Microsoft Visual Studio Solution File, Format Version 12.00
# Visual Studio Version 16
VisualStudioVersion = 16.0.31112.23
MinimumVisualStudioVersion = 10.0.40219.1
Project("{FAE04EC0-301F-11D3-BF4B-00C04F79EFBC}") = "WpfApp1", "WpfApp1\WpfApp1.csproj", "{E6A082AD-A949-4B93-B1A6-49111077F28C}"
EndProject
Global
	GlobalSection(SolutionConfigurationPlatforms) = preSolution
		Debug|Any CPU = Debug|Any CPU
		Release|Any CPU = Release|Any CPU
	EndGlobalSection
	GlobalSection(ProjectConfigurationPlatforms) = postSolution
		{E6A082AD-A949-4B93-B1A6-49111077F28C}.Debug|Any CPU.ActiveCfg = Debug|Any CPU
		{E6A082AD-A949-4B93-B1A6-49111077F28C}.Debug|Any CPU.Build.0 = Debug|Any CPU
		{E6A082AD-A949-4B93-B1A6-49111077F28C}.Release|Any CPU.ActiveCfg = Release|Any CPU
		{E6A082AD-A949-4B93-B1A6-49111077F28C}.Release|Any CPU.Build.0 = Release|Any CPU
	EndGlobalSection
	GlobalSection(SolutionProperties) = preSolution
		HideSolutionNode = FALSE
	EndGlobalSection
	GlobalSection(ExtensibilityGlobals) = postSolution
		SolutionGuid = {8D50B13C-4E52-4589-9AEA-C93B258A666D}
	EndGlobalSection
EndGlobal
