
Microsoft Visual Studio Solution File, Format Version 12.00
# Visual Studio Version 16
VisualStudioVersion = 16.0.31112.23
MinimumVisualStudioVersion = 10.0.40219.1
Project("{FAE04EC0-301F-11D3-BF4B-00C04F79EFBC}") = "Properties", "Properties\Properties.csproj", "{26390D2C-763E-4BD7-BE66-C97170DF7759}"
EndProject
Global
	GlobalSection(SolutionConfigurationPlatforms) = preSolution
		Debug|Any CPU = Debug|Any CPU
		Release|Any CPU = Release|Any CPU
	EndGlobalSection
	GlobalSection(ProjectConfigurationPlatforms) = postSolution
		{26390D2C-763E-4BD7-BE66-C97170DF7759}.Debug|Any CPU.ActiveCfg = Debug|Any CPU
		{26390D2C-763E-4BD7-BE66-C97170DF7759}.Debug|Any CPU.Build.0 = Debug|Any CPU
		{26390D2C-763E-4BD7-BE66-C97170DF7759}.Release|Any CPU.ActiveCfg = Release|Any CPU
		{26390D2C-763E-4BD7-BE66-C97170DF7759}.Release|Any CPU.Build.0 = Release|Any CPU
	EndGlobalSection
	GlobalSection(SolutionProperties) = preSolution
		HideSolutionNode = FALSE
	EndGlobalSection
	GlobalSection(ExtensibilityGlobals) = postSolution
		SolutionGuid = {B2472545-C028-4914-8753-8D0CF0C882E8}
	EndGlobalSection
EndGlobal
