
Microsoft Visual Studio Solution File, Format Version 12.00
# Visual Studio Version 16
VisualStudioVersion = 16.0.31112.23
MinimumVisualStudioVersion = 10.0.40219.1
Project("{9A19103F-16F7-4668-BE54-9A1E7A4F7556}") = "Polymorphism", "Polymorphism\Polymorphism.csproj", "{7949F5FC-0024-4006-B92B-C2F923D61679}"
EndProject
Project("{9A19103F-16F7-4668-BE54-9A1E7A4F7556}") = "MethodOverriding", "MethodOverriding\MethodOverriding.csproj", "{21705DF2-9161-45CE-90CA-3CF6D597A75B}"
EndProject
Project("{FAE04EC0-301F-11D3-BF4B-00C04F79EFBC}") = "AbstractClasses", "AbstractClasses\AbstractClasses.csproj", "{4B15DC00-DF37-49CC-BCA4-4CA9B3744DB4}"
EndProject
Global
	GlobalSection(SolutionConfigurationPlatforms) = preSolution
		Debug|Any CPU = Debug|Any CPU
		Release|Any CPU = Release|Any CPU
	EndGlobalSection
	GlobalSection(ProjectConfigurationPlatforms) = postSolution
		{7949F5FC-0024-4006-B92B-C2F923D61679}.Debug|Any CPU.ActiveCfg = Debug|Any CPU
		{7949F5FC-0024-4006-B92B-C2F923D61679}.Debug|Any CPU.Build.0 = Debug|Any CPU
		{7949F5FC-0024-4006-B92B-C2F923D61679}.Release|Any CPU.ActiveCfg = Release|Any CPU
		{7949F5FC-0024-4006-B92B-C2F923D61679}.Release|Any CPU.Build.0 = Release|Any CPU
		{21705DF2-9161-45CE-90CA-3CF6D597A75B}.Debug|Any CPU.ActiveCfg = Debug|Any CPU
		{21705DF2-9161-45CE-90CA-3CF6D597A75B}.Debug|Any CPU.Build.0 = Debug|Any CPU
		{21705DF2-9161-45CE-90CA-3CF6D597A75B}.Release|Any CPU.ActiveCfg = Release|Any CPU
		{21705DF2-9161-45CE-90CA-3CF6D597A75B}.Release|Any CPU.Build.0 = Release|Any CPU
		{4B15DC00-DF37-49CC-BCA4-4CA9B3744DB4}.Debug|Any CPU.ActiveCfg = Debug|Any CPU
		{4B15DC00-DF37-49CC-BCA4-4CA9B3744DB4}.Debug|Any CPU.Build.0 = Debug|Any CPU
		{4B15DC00-DF37-49CC-BCA4-4CA9B3744DB4}.Release|Any CPU.ActiveCfg = Release|Any CPU
		{4B15DC00-DF37-49CC-BCA4-4CA9B3744DB4}.Release|Any CPU.Build.0 = Release|Any CPU
	EndGlobalSection
	GlobalSection(SolutionProperties) = preSolution
		HideSolutionNode = FALSE
	EndGlobalSection
	GlobalSection(ExtensibilityGlobals) = postSolution
		SolutionGuid = {0952E598-267A-4F0A-B838-5AEED843EB58}
	EndGlobalSection
EndGlobal
